
Microsoft Visual Studio Solution File, Format Version 12.00
# Visual Studio Version 16
VisualStudioVersion = 16.0.29418.71
MinimumVisualStudioVersion = 10.0.40219.1
Project("{FAE04EC0-301F-11D3-BF4B-00C04F79EFBC}") = "SkodaMirrorlinkCompatibilityExtractor", "SkodaMirrorlinkCompatibilityExtractor.csproj", "{BFFDD455-00BD-43B5-9FBE-E1ACC8F5F664}"
EndProject
Global
	GlobalSection(SolutionConfigurationPlatforms) = preSolution
		Debug|Any CPU = Debug|Any CPU
		Release|Any CPU = Release|Any CPU
	EndGlobalSection
	GlobalSection(ProjectConfigurationPlatforms) = postSolution
		{BFFDD455-00BD-43B5-9FBE-E1ACC8F5F664}.Debug|Any CPU.ActiveCfg = Debug|Any CPU
		{BFFDD455-00BD-43B5-9FBE-E1ACC8F5F664}.Debug|Any CPU.Build.0 = Debug|Any CPU
		{BFFDD455-00BD-43B5-9FBE-E1ACC8F5F664}.Release|Any CPU.ActiveCfg = Release|Any CPU
		{BFFDD455-00BD-43B5-9FBE-E1ACC8F5F664}.Release|Any CPU.Build.0 = Release|Any CPU
	EndGlobalSection
	GlobalSection(SolutionProperties) = preSolution
		HideSolutionNode = FALSE
	EndGlobalSection
	GlobalSection(ExtensibilityGlobals) = postSolution
		SolutionGuid = {D3AE2998-861D-4493-93F5-974776ADF88E}
	EndGlobalSection
EndGlobal
